
Microsoft Visual Studio Solution File, Format Version 12.00
# Visual Studio Version 17
VisualStudioVersion = 17.14.36518.9
MinimumVisualStudioVersion = 10.0.40219.1
Project("{FAE04EC0-301F-11D3-BF4B-00C04F79EFBC}") = "Interfaz_Consola", "Interfaz\Interfaz_Consola.csproj", "{7C2EED8B-4787-4321-9E4D-12B3B868D46F}"
EndProject
Project("{FAE04EC0-301F-11D3-BF4B-00C04F79EFBC}") = "Dominio", "Dominio\Dominio.csproj", "{DD74467B-E3ED-422E-A789-C5AD7D51373A}"
EndProject
Project("{FAE04EC0-301F-11D3-BF4B-00C04F79EFBC}") = "WebApp", "WebApp\WebApp.csproj", "{627C9D2E-3749-47D4-91E9-BD25580FFCE8}"
EndProject
Global
	GlobalSection(SolutionConfigurationPlatforms) = preSolution
		Debug|Any CPU = Debug|Any CPU
		Release|Any CPU = Release|Any CPU
	EndGlobalSection
	GlobalSection(ProjectConfigurationPlatforms) = postSolution
		{7C2EED8B-4787-4321-9E4D-12B3B868D46F}.Debug|Any CPU.ActiveCfg = Debug|Any CPU
		{7C2EED8B-4787-4321-9E4D-12B3B868D46F}.Debug|Any CPU.Build.0 = Debug|Any CPU
		{7C2EED8B-4787-4321-9E4D-12B3B868D46F}.Release|Any CPU.ActiveCfg = Release|Any CPU
		{7C2EED8B-4787-4321-9E4D-12B3B868D46F}.Release|Any CPU.Build.0 = Release|Any CPU
		{DD74467B-E3ED-422E-A789-C5AD7D51373A}.Debug|Any CPU.ActiveCfg = Debug|Any CPU
		{DD74467B-E3ED-422E-A789-C5AD7D51373A}.Debug|Any CPU.Build.0 = Debug|Any CPU
		{DD74467B-E3ED-422E-A789-C5AD7D51373A}.Release|Any CPU.ActiveCfg = Release|Any CPU
		{DD74467B-E3ED-422E-A789-C5AD7D51373A}.Release|Any CPU.Build.0 = Release|Any CPU
		{627C9D2E-3749-47D4-91E9-BD25580FFCE8}.Debug|Any CPU.ActiveCfg = Debug|Any CPU
		{627C9D2E-3749-47D4-91E9-BD25580FFCE8}.Debug|Any CPU.Build.0 = Debug|Any CPU
		{627C9D2E-3749-47D4-91E9-BD25580FFCE8}.Release|Any CPU.ActiveCfg = Release|Any CPU
		{627C9D2E-3749-47D4-91E9-BD25580FFCE8}.Release|Any CPU.Build.0 = Release|Any CPU
	EndGlobalSection
	GlobalSection(SolutionProperties) = preSolution
		HideSolutionNode = FALSE
	EndGlobalSection
	GlobalSection(ExtensibilityGlobals) = postSolution
		SolutionGuid = {7075361D-249C-40BA-A41B-859B3DB36C11}
	EndGlobalSection
EndGlobal
